lockfileVersion: '6.1'

settings:
  autoInstallPeers: true
  excludeLinksFromLockfile: false

devDependencies:
  '@parcel/config-default':
    specifier: ^2.8.3
    version: 2.8.3(@parcel/core@2.8.3)
  '@parcel/core':
    specifier: ^2.8.3
    version: 2.8.3
  '@types/node':
    specifier: ^18.15.11
    version: 18.15.11
  prettier:
    specifier: ^2.8.7
    version: 2.8.7
  replugged:
    specifier: ^4.2.6
    version: 4.2.6(@codemirror/view@6.9.3)(@lezer/common@1.0.2)

